
Microsoft Visual Studio Solution File, Format Version 12.00
# Visual Studio Version 17
VisualStudioVersion = 17.3.32811.315
MinimumVisualStudioVersion = 10.0.40219.1
Project("{FAE04EC0-301F-11D3-BF4B-00C04F79EFBC}") = "egzamin", "egzamin\egzamin.csproj", "{B990B6D1-C8B6-4985-8EE2-052731BE9279}"
EndProject
Project("{FAE04EC0-301F-11D3-BF4B-00C04F79EFBC}") = "x1", "x1\x1.csproj", "{088046F3-2F8A-4E50-B7A2-F955AF98FD95}"
EndProject
Global
	GlobalSection(SolutionConfigurationPlatforms) = preSolution
		Debug|Any CPU = Debug|Any CPU
		Release|Any CPU = Release|Any CPU
	EndGlobalSection
	GlobalSection(ProjectConfigurationPlatforms) = postSolution
		{B990B6D1-C8B6-4985-8EE2-052731BE9279}.Debug|Any CPU.ActiveCfg = Debug|Any CPU
		{B990B6D1-C8B6-4985-8EE2-052731BE9279}.Debug|Any CPU.Build.0 = Debug|Any CPU
		{B990B6D1-C8B6-4985-8EE2-052731BE9279}.Release|Any CPU.ActiveCfg = Release|Any CPU
		{B990B6D1-C8B6-4985-8EE2-052731BE9279}.Release|Any CPU.Build.0 = Release|Any CPU
		{088046F3-2F8A-4E50-B7A2-F955AF98FD95}.Debug|Any CPU.ActiveCfg = Debug|Any CPU
		{088046F3-2F8A-4E50-B7A2-F955AF98FD95}.Debug|Any CPU.Build.0 = Debug|Any CPU
		{088046F3-2F8A-4E50-B7A2-F955AF98FD95}.Release|Any CPU.ActiveCfg = Release|Any CPU
		{088046F3-2F8A-4E50-B7A2-F955AF98FD95}.Release|Any CPU.Build.0 = Release|Any CPU
	EndGlobalSection
	GlobalSection(SolutionProperties) = preSolution
		HideSolutionNode = FALSE
	EndGlobalSection
	GlobalSection(ExtensibilityGlobals) = postSolution
		SolutionGuid = {F7E8D0E4-46B1-4CA5-B09D-57E0A2C18D00}
	EndGlobalSection
EndGlobal
